
Microsoft Visual Studio Solution File, Format Version 12.00
# Visual Studio 15
VisualStudioVersion = 15.0.26430.12
MinimumVisualStudioVersion = 10.0.40219.1
Project("{FAE04EC0-301F-11D3-BF4B-00C04F79EFBC}") = "DevWarsztaty.API", "DevWarsztaty.API\DevWarsztaty.API.csproj", "{6C512753-929B-4512-8D3A-017CD18D96C3}"
EndProject
Project("{E53339B2-1760-4266-BCC7-CA923CBCF16C}") = "docker-compose", "docker-compose.dcproj", "{B8234653-1C23-4B12-8E36-D4164E4E8031}"
EndProject
Global
	GlobalSection(SolutionConfigurationPlatforms) = preSolution
		Debug|Any CPU = Debug|Any CPU
		Release|Any CPU = Release|Any CPU
	EndGlobalSection
	GlobalSection(ProjectConfigurationPlatforms) = postSolution
		{6C512753-929B-4512-8D3A-017CD18D96C3}.Debug|Any CPU.ActiveCfg = Debug|Any CPU
		{6C512753-929B-4512-8D3A-017CD18D96C3}.Debug|Any CPU.Build.0 = Debug|Any CPU
		{6C512753-929B-4512-8D3A-017CD18D96C3}.Release|Any CPU.ActiveCfg = Release|Any CPU
		{6C512753-929B-4512-8D3A-017CD18D96C3}.Release|Any CPU.Build.0 = Release|Any CPU
		{B8234653-1C23-4B12-8E36-D4164E4E8031}.Debug|Any CPU.ActiveCfg = Debug|Any CPU
		{B8234653-1C23-4B12-8E36-D4164E4E8031}.Debug|Any CPU.Build.0 = Debug|Any CPU
		{B8234653-1C23-4B12-8E36-D4164E4E8031}.Release|Any CPU.ActiveCfg = Release|Any CPU
		{B8234653-1C23-4B12-8E36-D4164E4E8031}.Release|Any CPU.Build.0 = Release|Any CPU
	EndGlobalSection
	GlobalSection(SolutionProperties) = preSolution
		HideSolutionNode = FALSE
	EndGlobalSection
EndGlobal
